{
  "name": "xiroicon",
  "lockfileVersion": 3,
  "requires": true,
  "packages": {
    "": {
      "dependencies": {
        "xiroicon": "^0.1.0"
      }
    },
    "node_modules/xiroicon": {
      "version": "0.1.0",
      "resolved": "https://registry.npmjs.org/xiroicon/-/xiroicon-0.1.0.tgz",
      "integrity": "sha512-CXgKdQNY6OrP3NIThB23d9/9eQAoNs4/cFRfhkNefLUgq3KQPVaxpWsvPNApI+8fVqpsivvyPYUroYOQwLSBRQ=="
    }
  }
}
